
Microsoft Visual Studio Solution File, Format Version 12.00
# Visual Studio 15
VisualStudioVersion = 15.0.28307.539
MinimumVisualStudioVersion = 10.0.40219.1
Project("{8BC9CEB8-8B4A-11D0-8D11-00A0C91BC942}") = "zadatak01", "zadatak01\zadatak01.vcxproj", "{2E720A5E-E4F9-4393-8BE2-2DF4EE7C4F4D}"
EndProject
Project("{8BC9CEB8-8B4A-11D0-8D11-00A0C91BC942}") = "zadatak02", "zadatak02\zadatak02.vcxproj", "{7FEC15E8-69BE-4A04-B6EA-02A069FF0DE1}"
EndProject
Global
	GlobalSection(SolutionConfigurationPlatforms) = preSolution
		Debug|x64 = Debug|x64
		Debug|x86 = Debug|x86
		Release|x64 = Release|x64
		Release|x86 = Release|x86
	EndGlobalSection
	GlobalSection(ProjectConfigurationPlatforms) = postSolution
		{2E720A5E-E4F9-4393-8BE2-2DF4EE7C4F4D}.Debug|x64.ActiveCfg = Debug|x64
		{2E720A5E-E4F9-4393-8BE2-2DF4EE7C4F4D}.Debug|x64.Build.0 = Debug|x64
		{2E720A5E-E4F9-4393-8BE2-2DF4EE7C4F4D}.Debug|x86.ActiveCfg = Debug|Win32
		{2E720A5E-E4F9-4393-8BE2-2DF4EE7C4F4D}.Debug|x86.Build.0 = Debug|Win32
		{2E720A5E-E4F9-4393-8BE2-2DF4EE7C4F4D}.Release|x64.ActiveCfg = Release|x64
		{2E720A5E-E4F9-4393-8BE2-2DF4EE7C4F4D}.Release|x64.Build.0 = Release|x64
		{2E720A5E-E4F9-4393-8BE2-2DF4EE7C4F4D}.Release|x86.ActiveCfg = Release|Win32
		{2E720A5E-E4F9-4393-8BE2-2DF4EE7C4F4D}.Release|x86.Build.0 = Release|Win32
		{7FEC15E8-69BE-4A04-B6EA-02A069FF0DE1}.Debug|x64.ActiveCfg = Debug|x64
		{7FEC15E8-69BE-4A04-B6EA-02A069FF0DE1}.Debug|x64.Build.0 = Debug|x64
		{7FEC15E8-69BE-4A04-B6EA-02A069FF0DE1}.Debug|x86.ActiveCfg = Debug|Win32
		{7FEC15E8-69BE-4A04-B6EA-02A069FF0DE1}.Debug|x86.Build.0 = Debug|Win32
		{7FEC15E8-69BE-4A04-B6EA-02A069FF0DE1}.Release|x64.ActiveCfg = Release|x64
		{7FEC15E8-69BE-4A04-B6EA-02A069FF0DE1}.Release|x64.Build.0 = Release|x64
		{7FEC15E8-69BE-4A04-B6EA-02A069FF0DE1}.Release|x86.ActiveCfg = Release|Win32
		{7FEC15E8-69BE-4A04-B6EA-02A069FF0DE1}.Release|x86.Build.0 = Release|Win32
	EndGlobalSection
	GlobalSection(SolutionProperties) = preSolution
		HideSolutionNode = FALSE
	EndGlobalSection
	GlobalSection(ExtensibilityGlobals) = postSolution
		SolutionGuid = {1E92937E-4F23-47F8-9540-A162754BE4E5}
	EndGlobalSection
EndGlobal
